
Microsoft Visual Studio Solution File, Format Version 12.00
# Visual Studio Version 17
VisualStudioVersion = 17.11.35222.181
MinimumVisualStudioVersion = 10.0.40219.1
Project("{9A19103F-16F7-4668-BE54-9A1E7A4F7556}") = "DemoApi", "DemoApi.csproj", "{67E523AF-8720-4308-A50A-EFCD8E9367CC}"
EndProject
Global
	GlobalSection(SolutionConfigurationPlatforms) = preSolution
		Debug|Any CPU = Debug|Any CPU
		Release|Any CPU = Release|Any CPU
	EndGlobalSection
	GlobalSection(ProjectConfigurationPlatforms) = postSolution
		{67E523AF-8720-4308-A50A-EFCD8E9367CC}.Debug|Any CPU.ActiveCfg = Debug|Any CPU
		{67E523AF-8720-4308-A50A-EFCD8E9367CC}.Debug|Any CPU.Build.0 = Debug|Any CPU
		{67E523AF-8720-4308-A50A-EFCD8E9367CC}.Release|Any CPU.ActiveCfg = Release|Any CPU
		{67E523AF-8720-4308-A50A-EFCD8E9367CC}.Release|Any CPU.Build.0 = Release|Any CPU
	EndGlobalSection
	GlobalSection(SolutionProperties) = preSolution
		HideSolutionNode = FALSE
	EndGlobalSection
	GlobalSection(ExtensibilityGlobals) = postSolution
		SolutionGuid = {23185A19-18AC-41E8-9C55-A8BB2C1A482D}
	EndGlobalSection
EndGlobal
